
Microsoft Visual Studio Solution File, Format Version 12.00
# Visual Studio Version 17
VisualStudioVersion = 17.8.34525.116
MinimumVisualStudioVersion = 10.0.40219.1
Project("{2150E333-8FDC-42A3-9474-1A3956D46DE8}") = "_Solution Items", "_Solution Items", "{C0B887DB-D9EA-4DE7-BC8F-804F159CFD59}"
	ProjectSection(SolutionItems) = preProject
		.editorconfig = .editorconfig
		Resources\AzureDevOps\azure-pipelines.yml = Resources\AzureDevOps\azure-pipelines.yml
		DFC.Digital.CodeAnalysis.ruleset = DFC.Digital.CodeAnalysis.ruleset
		Resources\AzureDevOps\GitVersion.yml = Resources\AzureDevOps\GitVersion.yml
		Resources\PageRegistration\registration.json = Resources\PageRegistration\registration.json
		UnitTests.CodeAnalysis.ruleset = UnitTests.CodeAnalysis.ruleset
	EndProjectSection
EndProject
Project("{9A19103F-16F7-4668-BE54-9A1E7A4F7556}") = "DFC.App.SkillsHealthCheck", "DFC.App.SkillsHealthCheck\DFC.App.SkillsHealthCheck.csproj", "{E852E562-270E-4553-A701-2984467B1AE9}"
EndProject
Project("{2150E333-8FDC-42A3-9474-1A3956D46DE8}") = "Services", "Services", "{A5DD8004-1372-40B1-8235-8B259C0473B5}"
EndProject
Project("{2150E333-8FDC-42A3-9474-1A3956D46DE8}") = "Tests", "Tests", "{8BA314FE-FA03-468D-9AEC-7BDFD5DE1588}"
EndProject
Project("{2150E333-8FDC-42A3-9474-1A3956D46DE8}") = "Unit", "Unit", "{7F2FB66E-424F-4AA7-819D-9A6C3DA17AA5}"
EndProject
Project("{2150E333-8FDC-42A3-9474-1A3956D46DE8}") = "Services", "Services", "{9BA7A34A-1C2A-487E-89A1-F1A71DB70429}"
EndProject
Project("{2150E333-8FDC-42A3-9474-1A3956D46DE8}") = "Web", "Web", "{B63A9E8B-479F-43A1-919B-4A8FD70E3FF0}"
EndProject
Project("{9A19103F-16F7-4668-BE54-9A1E7A4F7556}") = "DFC.App.SkillsHealthCheck.UnitTests", "DFC.App.SkillsHealthCheck.UnitTests\DFC.App.SkillsHealthCheck.UnitTests.csproj", "{F26C09EE-79E3-4EF3-9F79-1F4BC21AF219}"
EndProject
Project("{9A19103F-16F7-4668-BE54-9A1E7A4F7556}") = "DFC.App.SkillsHealthCheck.Services.SkillsCentral", "DFC.App.SkillsHealthCheck.Services.SkillsCentral\DFC.App.SkillsHealthCheck.Services.SkillsCentral.csproj", "{4BC773B1-AA72-492C-B643-1173A396238E}"
EndProject
Project("{9A19103F-16F7-4668-BE54-9A1E7A4F7556}") = "DFC.App.SkillsHealthCheck.Services.GovNotify", "DFC.App.SkillsHealthCheck.Services.GovNotify\DFC.App.SkillsHealthCheck.Services.GovNotify.csproj", "{42340438-AB59-4B13-9A41-938A70F07E78}"
EndProject
Project("{9A19103F-16F7-4668-BE54-9A1E7A4F7556}") = "DFC.App.SkillsHealthCheck.Services.GovNotify.UnitTests", "DFC.App.SkillsHealthCheck.Services.GovNotify.UnitTests\DFC.App.SkillsHealthCheck.Services.GovNotify.UnitTests.csproj", "{354C9FC2-19BA-46D4-8D7A-0543C40482BA}"
EndProject
Project("{2150E333-8FDC-42A3-9474-1A3956D46DE8}") = "Integration", "Integration", "{E5356F33-DDB7-4509-87FE-AEBD2B3D525C}"
EndProject
Project("{9A19103F-16F7-4668-BE54-9A1E7A4F7556}") = "DFC.App.SkillsHealthCheck.IntegrationTests", "DFC.App.SkillsHealthCheck.IntegrationTests\DFC.App.SkillsHealthCheck.IntegrationTests.csproj", "{E1C3DE10-61BF-4D11-8562-E6172CF1F05B}"
EndProject
Project("{2150E333-8FDC-42A3-9474-1A3956D46DE8}") = "SkillsCentralApi", "SkillsCentralApi", "{A213DA57-B2BC-4BAF-9D3F-B0990A839C95}"
EndProject
Project("{2150E333-8FDC-42A3-9474-1A3956D46DE8}") = "Application", "Application", "{6B366C4A-E0E5-4EE9-B8EE-FA727D8FA2E9}"
EndProject
Project("{2150E333-8FDC-42A3-9474-1A3956D46DE8}") = "Domain", "Domain", "{6E3972D6-ACED-4D9A-9D28-7FBAE8265427}"
EndProject
Project("{2150E333-8FDC-42A3-9474-1A3956D46DE8}") = "Intrastructure", "Intrastructure", "{76D8C62E-E9F3-464F-B922-E18F28445603}"
EndProject
Project("{2150E333-8FDC-42A3-9474-1A3956D46DE8}") = "Presentation", "Presentation", "{D110D53E-B202-426B-B8D3-D6D4179D1B0B}"
EndProject
Project("{9A19103F-16F7-4668-BE54-9A1E7A4F7556}") = "DfE.SkillsCentral.Api.Application.Services", "DfE.SkillsCentral.Api\Application\DfE.SkillsCentral.Api.Application.Services\DfE.SkillsCentral.Api.Application.Services.csproj", "{DD5428FE-95AD-4418-A141-861388AD46B5}"
EndProject
Project("{9A19103F-16F7-4668-BE54-9A1E7A4F7556}") = "DfE.SkillsCentral.Api.Application.Interfaces", "DfE.SkillsCentral.Api\Application\DfE.SkillsCentral.Api.Application.Interfaces\DfE.SkillsCentral.Api.Application.Interfaces.csproj", "{ABA67E69-A096-4ACF-918E-22C5677E2BAB}"
EndProject
Project("{9A19103F-16F7-4668-BE54-9A1E7A4F7556}") = "DfE.SkillsCentral.Api.Application.Services.UnitTests", "DfE.SkillsCentral.Api\Application\DfE.SkillsCentral.Api.Application.Services.UnitTests\DfE.SkillsCentral.Api.Application.Services.UnitTests.csproj", "{69DFDD5C-3598-43F2-8314-30F1F3B3831E}"
EndProject
Project("{FAE04EC0-301F-11D3-BF4B-00C04F79EFBC}") = "DfE.SkillsCentral.Api.Application.Services.IntegrationTests", "DfE.SkillsCentral.Api\Application\DfE.SkillsCentral.Api.Application.Services.IntegrationTests\DfE.SkillsCentral.Api.Application.Services.IntegrationTests.csproj", "{46CF4DB5-0FEC-4FFF-B04B-04C98F5CC5ED}"
EndProject
Project("{9A19103F-16F7-4668-BE54-9A1E7A4F7556}") = "DfE.SkillsCentral.Api.Domain", "DfE.SkillsCentral.Api\Domain\DfE.SkillsCentral.Api.Domain\DfE.SkillsCentral.Api.Domain.csproj", "{08426812-D638-40DE-92B7-847CE6333845}"
EndProject
Project("{9A19103F-16F7-4668-BE54-9A1E7A4F7556}") = "DfE.SkillsCentral.Api.Domain.UnitTests", "DfE.SkillsCentral.Api\Domain\DfE.SkillsCentral.Api.Domain.UnitTests\DfE.SkillsCentral.Api.Domain.UnitTests.csproj", "{148A14DF-1234-4A4A-BFA3-7C50138B2020}"
EndProject
Project("{9A19103F-16F7-4668-BE54-9A1E7A4F7556}") = "DfE.SkillsCentral.Api.Presentation.WebApi", "DfE.SkillsCentral.Api\Presentation\DfE.SkillsCentral.Api.Presentation.WebApi\DfE.SkillsCentral.Api.Presentation.WebApi.csproj", "{A98F8DEA-92CE-4A95-8374-CEFA4416CBB8}"
EndProject
Project("{FAE04EC0-301F-11D3-BF4B-00C04F79EFBC}") = "DfE.SkillsCentral.Api.Presentation.WebApi.IntegrationTests", "DfE.SkillsCentral.Api\Presentation\DfE.SkillsCentral.Api.Presentation.WebApi.IntegrationTests\DfE.SkillsCentral.Api.Presentation.WebApi.IntegrationTests.csproj", "{C442A34D-997F-4862-90A2-C73E8ACC4E05}"
EndProject
Project("{9A19103F-16F7-4668-BE54-9A1E7A4F7556}") = "DfE.SkillsCentral.Api.Infrastructure", "DfE.SkillsCentral.Api\Infrastructure\DfE.SkillsCentral.Api.Infrastructure\DfE.SkillsCentral.Api.Infrastructure.csproj", "{3D7F4E9D-27F0-4D74-BB37-D95713CB6FCF}"
EndProject
Project("{9A19103F-16F7-4668-BE54-9A1E7A4F7556}") = "DfE.SkillsCentral.Api.Infrastructure.UnitTests", "DfE.SkillsCentral.Api\Infrastructure\DfE.SkillsCentral.Api.Infrastructure.UnitTests\DfE.SkillsCentral.Api.Infrastructure.UnitTests.csproj", "{FBC1FDD9-6AE0-40A7-8429-EC29FB816A51}"
EndProject
Project("{00D1A9C2-B5F0-4AF3-8072-F6C62B433612}") = "DfE.SkillsCentral.Api.Infrastructure.Database", "DfE.SkillsCentral.Api\Infrastructure\DfE.SkillsCentral.Api.Infrastructure.Database\DfE.SkillsCentral.Api.Infrastructure.Database.sqlproj", "{34419DF5-6A8E-4A1C-9625-CEEA80FD81BC}"
EndProject
Project("{2150E333-8FDC-42A3-9474-1A3956D46DE8}") = "Utilities", "Utilities", "{1BAEF60D-AAC6-4211-8F94-CD3BC1AACAAD}"
EndProject
Project("{FAE04EC0-301F-11D3-BF4B-00C04F79EFBC}") = "DataMigrations", "DataMigrations\DataMigrations.csproj", "{94629EA0-24FB-4672-82E5-4AD951F7437F}"
EndProject
Global
	GlobalSection(SolutionConfigurationPlatforms) = preSolution
		Debug|Any CPU = Debug|Any CPU
		Release|Any CPU = Release|Any CPU
	EndGlobalSection
	GlobalSection(ProjectConfigurationPlatforms) = postSolution
		{E852E562-270E-4553-A701-2984467B1AE9}.Debug|Any CPU.ActiveCfg = Debug|Any CPU
		{E852E562-270E-4553-A701-2984467B1AE9}.Debug|Any CPU.Build.0 = Debug|Any CPU
		{E852E562-270E-4553-A701-2984467B1AE9}.Release|Any CPU.ActiveCfg = Release|Any CPU
		{E852E562-270E-4553-A701-2984467B1AE9}.Release|Any CPU.Build.0 = Release|Any CPU
		{F26C09EE-79E3-4EF3-9F79-1F4BC21AF219}.Debug|Any CPU.ActiveCfg = Debug|Any CPU
		{F26C09EE-79E3-4EF3-9F79-1F4BC21AF219}.Debug|Any CPU.Build.0 = Debug|Any CPU
		{F26C09EE-79E3-4EF3-9F79-1F4BC21AF219}.Release|Any CPU.ActiveCfg = Release|Any CPU
		{F26C09EE-79E3-4EF3-9F79-1F4BC21AF219}.Release|Any CPU.Build.0 = Release|Any CPU
		{4BC773B1-AA72-492C-B643-1173A396238E}.Debug|Any CPU.ActiveCfg = Debug|Any CPU
		{4BC773B1-AA72-492C-B643-1173A396238E}.Debug|Any CPU.Build.0 = Debug|Any CPU
		{4BC773B1-AA72-492C-B643-1173A396238E}.Release|Any CPU.ActiveCfg = Release|Any CPU
		{4BC773B1-AA72-492C-B643-1173A396238E}.Release|Any CPU.Build.0 = Release|Any CPU
		{42340438-AB59-4B13-9A41-938A70F07E78}.Debug|Any CPU.ActiveCfg = Debug|Any CPU
		{42340438-AB59-4B13-9A41-938A70F07E78}.Debug|Any CPU.Build.0 = Debug|Any CPU
		{42340438-AB59-4B13-9A41-938A70F07E78}.Release|Any CPU.ActiveCfg = Release|Any CPU
		{42340438-AB59-4B13-9A41-938A70F07E78}.Release|Any CPU.Build.0 = Release|Any CPU
		{354C9FC2-19BA-46D4-8D7A-0543C40482BA}.Debug|Any CPU.ActiveCfg = Debug|Any CPU
		{354C9FC2-19BA-46D4-8D7A-0543C40482BA}.Debug|Any CPU.Build.0 = Debug|Any CPU
		{354C9FC2-19BA-46D4-8D7A-0543C40482BA}.Release|Any CPU.ActiveCfg = Release|Any CPU
		{354C9FC2-19BA-46D4-8D7A-0543C40482BA}.Release|Any CPU.Build.0 = Release|Any CPU
		{E1C3DE10-61BF-4D11-8562-E6172CF1F05B}.Debug|Any CPU.ActiveCfg = Debug|Any CPU
		{E1C3DE10-61BF-4D11-8562-E6172CF1F05B}.Debug|Any CPU.Build.0 = Debug|Any CPU
		{E1C3DE10-61BF-4D11-8562-E6172CF1F05B}.Release|Any CPU.ActiveCfg = Release|Any CPU
		{E1C3DE10-61BF-4D11-8562-E6172CF1F05B}.Release|Any CPU.Build.0 = Release|Any CPU
		{DD5428FE-95AD-4418-A141-861388AD46B5}.Debug|Any CPU.ActiveCfg = Debug|Any CPU
		{DD5428FE-95AD-4418-A141-861388AD46B5}.Debug|Any CPU.Build.0 = Debug|Any CPU
		{DD5428FE-95AD-4418-A141-861388AD46B5}.Release|Any CPU.ActiveCfg = Release|Any CPU
		{DD5428FE-95AD-4418-A141-861388AD46B5}.Release|Any CPU.Build.0 = Release|Any CPU
		{ABA67E69-A096-4ACF-918E-22C5677E2BAB}.Debug|Any CPU.ActiveCfg = Debug|Any CPU
		{ABA67E69-A096-4ACF-918E-22C5677E2BAB}.Debug|Any CPU.Build.0 = Debug|Any CPU
		{ABA67E69-A096-4ACF-918E-22C5677E2BAB}.Release|Any CPU.ActiveCfg = Release|Any CPU
		{ABA67E69-A096-4ACF-918E-22C5677E2BAB}.Release|Any CPU.Build.0 = Release|Any CPU
		{69DFDD5C-3598-43F2-8314-30F1F3B3831E}.Debug|Any CPU.ActiveCfg = Debug|Any CPU
		{69DFDD5C-3598-43F2-8314-30F1F3B3831E}.Debug|Any CPU.Build.0 = Debug|Any CPU
		{69DFDD5C-3598-43F2-8314-30F1F3B3831E}.Release|Any CPU.ActiveCfg = Release|Any CPU
		{69DFDD5C-3598-43F2-8314-30F1F3B3831E}.Release|Any CPU.Build.0 = Release|Any CPU
		{46CF4DB5-0FEC-4FFF-B04B-04C98F5CC5ED}.Debug|Any CPU.ActiveCfg = Debug|Any CPU
		{46CF4DB5-0FEC-4FFF-B04B-04C98F5CC5ED}.Debug|Any CPU.Build.0 = Debug|Any CPU
		{46CF4DB5-0FEC-4FFF-B04B-04C98F5CC5ED}.Release|Any CPU.ActiveCfg = Release|Any CPU
		{46CF4DB5-0FEC-4FFF-B04B-04C98F5CC5ED}.Release|Any CPU.Build.0 = Release|Any CPU
		{08426812-D638-40DE-92B7-847CE6333845}.Debug|Any CPU.ActiveCfg = Debug|Any CPU
		{08426812-D638-40DE-92B7-847CE6333845}.Debug|Any CPU.Build.0 = Debug|Any CPU
		{08426812-D638-40DE-92B7-847CE6333845}.Release|Any CPU.ActiveCfg = Release|Any CPU
		{08426812-D638-40DE-92B7-847CE6333845}.Release|Any CPU.Build.0 = Release|Any CPU
		{148A14DF-1234-4A4A-BFA3-7C50138B2020}.Debug|Any CPU.ActiveCfg = Debug|Any CPU
		{148A14DF-1234-4A4A-BFA3-7C50138B2020}.Debug|Any CPU.Build.0 = Debug|Any CPU
		{148A14DF-1234-4A4A-BFA3-7C50138B2020}.Release|Any CPU.ActiveCfg = Release|Any CPU
		{148A14DF-1234-4A4A-BFA3-7C50138B2020}.Release|Any CPU.Build.0 = Release|Any CPU
		{A98F8DEA-92CE-4A95-8374-CEFA4416CBB8}.Debug|Any CPU.ActiveCfg = Debug|Any CPU
		{A98F8DEA-92CE-4A95-8374-CEFA4416CBB8}.Debug|Any CPU.Build.0 = Debug|Any CPU
		{A98F8DEA-92CE-4A95-8374-CEFA4416CBB8}.Release|Any CPU.ActiveCfg = Release|Any CPU
		{A98F8DEA-92CE-4A95-8374-CEFA4416CBB8}.Release|Any CPU.Build.0 = Release|Any CPU
		{C442A34D-997F-4862-90A2-C73E8ACC4E05}.Debug|Any CPU.ActiveCfg = Debug|Any CPU
		{C442A34D-997F-4862-90A2-C73E8ACC4E05}.Debug|Any CPU.Build.0 = Debug|Any CPU
		{C442A34D-997F-4862-90A2-C73E8ACC4E05}.Release|Any CPU.ActiveCfg = Release|Any CPU
		{C442A34D-997F-4862-90A2-C73E8ACC4E05}.Release|Any CPU.Build.0 = Release|Any CPU
		{3D7F4E9D-27F0-4D74-BB37-D95713CB6FCF}.Debug|Any CPU.ActiveCfg = Debug|Any CPU
		{3D7F4E9D-27F0-4D74-BB37-D95713CB6FCF}.Debug|Any CPU.Build.0 = Debug|Any CPU
		{3D7F4E9D-27F0-4D74-BB37-D95713CB6FCF}.Release|Any CPU.ActiveCfg = Release|Any CPU
		{3D7F4E9D-27F0-4D74-BB37-D95713CB6FCF}.Release|Any CPU.Build.0 = Release|Any CPU
		{FBC1FDD9-6AE0-40A7-8429-EC29FB816A51}.Debug|Any CPU.ActiveCfg = Debug|Any CPU
		{FBC1FDD9-6AE0-40A7-8429-EC29FB816A51}.Debug|Any CPU.Build.0 = Debug|Any CPU
		{FBC1FDD9-6AE0-40A7-8429-EC29FB816A51}.Release|Any CPU.ActiveCfg = Release|Any CPU
		{FBC1FDD9-6AE0-40A7-8429-EC29FB816A51}.Release|Any CPU.Build.0 = Release|Any CPU
		{34419DF5-6A8E-4A1C-9625-CEEA80FD81BC}.Debug|Any CPU.ActiveCfg = Debug|Any CPU
		{34419DF5-6A8E-4A1C-9625-CEEA80FD81BC}.Debug|Any CPU.Build.0 = Debug|Any CPU
		{34419DF5-6A8E-4A1C-9625-CEEA80FD81BC}.Debug|Any CPU.Deploy.0 = Debug|Any CPU
		{34419DF5-6A8E-4A1C-9625-CEEA80FD81BC}.Release|Any CPU.ActiveCfg = Release|Any CPU
		{34419DF5-6A8E-4A1C-9625-CEEA80FD81BC}.Release|Any CPU.Build.0 = Release|Any CPU
		{34419DF5-6A8E-4A1C-9625-CEEA80FD81BC}.Release|Any CPU.Deploy.0 = Release|Any CPU
		{94629EA0-24FB-4672-82E5-4AD951F7437F}.Debug|Any CPU.ActiveCfg = Debug|Any CPU
		{94629EA0-24FB-4672-82E5-4AD951F7437F}.Debug|Any CPU.Build.0 = Debug|Any CPU
		{94629EA0-24FB-4672-82E5-4AD951F7437F}.Release|Any CPU.ActiveCfg = Release|Any CPU
		{94629EA0-24FB-4672-82E5-4AD951F7437F}.Release|Any CPU.Build.0 = Release|Any CPU
	EndGlobalSection
	GlobalSection(SolutionProperties) = preSolution
		HideSolutionNode = FALSE
	EndGlobalSection
	GlobalSection(NestedProjects) = preSolution
		{7F2FB66E-424F-4AA7-819D-9A6C3DA17AA5} = {8BA314FE-FA03-468D-9AEC-7BDFD5DE1588}
		{9BA7A34A-1C2A-487E-89A1-F1A71DB70429} = {7F2FB66E-424F-4AA7-819D-9A6C3DA17AA5}
		{B63A9E8B-479F-43A1-919B-4A8FD70E3FF0} = {7F2FB66E-424F-4AA7-819D-9A6C3DA17AA5}
		{F26C09EE-79E3-4EF3-9F79-1F4BC21AF219} = {B63A9E8B-479F-43A1-919B-4A8FD70E3FF0}
		{4BC773B1-AA72-492C-B643-1173A396238E} = {A5DD8004-1372-40B1-8235-8B259C0473B5}
		{42340438-AB59-4B13-9A41-938A70F07E78} = {A5DD8004-1372-40B1-8235-8B259C0473B5}
		{354C9FC2-19BA-46D4-8D7A-0543C40482BA} = {9BA7A34A-1C2A-487E-89A1-F1A71DB70429}
		{E5356F33-DDB7-4509-87FE-AEBD2B3D525C} = {8BA314FE-FA03-468D-9AEC-7BDFD5DE1588}
		{E1C3DE10-61BF-4D11-8562-E6172CF1F05B} = {E5356F33-DDB7-4509-87FE-AEBD2B3D525C}
		{6B366C4A-E0E5-4EE9-B8EE-FA727D8FA2E9} = {A213DA57-B2BC-4BAF-9D3F-B0990A839C95}
		{6E3972D6-ACED-4D9A-9D28-7FBAE8265427} = {A213DA57-B2BC-4BAF-9D3F-B0990A839C95}
		{76D8C62E-E9F3-464F-B922-E18F28445603} = {A213DA57-B2BC-4BAF-9D3F-B0990A839C95}
		{D110D53E-B202-426B-B8D3-D6D4179D1B0B} = {A213DA57-B2BC-4BAF-9D3F-B0990A839C95}
		{DD5428FE-95AD-4418-A141-861388AD46B5} = {6B366C4A-E0E5-4EE9-B8EE-FA727D8FA2E9}
		{ABA67E69-A096-4ACF-918E-22C5677E2BAB} = {6B366C4A-E0E5-4EE9-B8EE-FA727D8FA2E9}
		{69DFDD5C-3598-43F2-8314-30F1F3B3831E} = {6B366C4A-E0E5-4EE9-B8EE-FA727D8FA2E9}
		{46CF4DB5-0FEC-4FFF-B04B-04C98F5CC5ED} = {6B366C4A-E0E5-4EE9-B8EE-FA727D8FA2E9}
		{08426812-D638-40DE-92B7-847CE6333845} = {6E3972D6-ACED-4D9A-9D28-7FBAE8265427}
		{148A14DF-1234-4A4A-BFA3-7C50138B2020} = {6E3972D6-ACED-4D9A-9D28-7FBAE8265427}
		{A98F8DEA-92CE-4A95-8374-CEFA4416CBB8} = {D110D53E-B202-426B-B8D3-D6D4179D1B0B}
		{C442A34D-997F-4862-90A2-C73E8ACC4E05} = {D110D53E-B202-426B-B8D3-D6D4179D1B0B}
		{3D7F4E9D-27F0-4D74-BB37-D95713CB6FCF} = {76D8C62E-E9F3-464F-B922-E18F28445603}
		{FBC1FDD9-6AE0-40A7-8429-EC29FB816A51} = {76D8C62E-E9F3-464F-B922-E18F28445603}
		{34419DF5-6A8E-4A1C-9625-CEEA80FD81BC} = {76D8C62E-E9F3-464F-B922-E18F28445603}
		{94629EA0-24FB-4672-82E5-4AD951F7437F} = {1BAEF60D-AAC6-4211-8F94-CD3BC1AACAAD}
	EndGlobalSection
	GlobalSection(ExtensibilityGlobals) = postSolution
		SolutionGuid = {042BE92B-75BC-4D9D-A8A0-1547EC76E1C8}
	EndGlobalSection
EndGlobal
