
Microsoft Visual Studio Solution File, Format Version 12.00
# Visual Studio Version 16
VisualStudioVersion = 16.0.31702.278
MinimumVisualStudioVersion = 10.0.40219.1
Project("{2150E333-8FDC-42A3-9474-1A3956D46DE8}") = "_Solution Items", "_Solution Items", "{C0B887DB-D9EA-4DE7-BC8F-804F159CFD59}"
	ProjectSection(SolutionItems) = preProject
		.editorconfig = .editorconfig
		Resources\AzureDevOps\azure-pipelines.yml = Resources\AzureDevOps\azure-pipelines.yml
		DFC.Digital.CodeAnalysis.ruleset = DFC.Digital.CodeAnalysis.ruleset
		Resources\AzureDevOps\GitVersion.yml = Resources\AzureDevOps\GitVersion.yml
		UnitTests.CodeAnalysis.ruleset = UnitTests.CodeAnalysis.ruleset
	EndProjectSection
EndProject
Project("{9A19103F-16F7-4668-BE54-9A1E7A4F7556}") = "DFC.App.SkillsHealthCheck", "DFC.App.SkillsHealthCheck\DFC.App.SkillsHealthCheck.csproj", "{E852E562-270E-4553-A701-2984467B1AE9}"
EndProject
Project("{2150E333-8FDC-42A3-9474-1A3956D46DE8}") = "Data", "Data", "{2218D3DB-5F88-4245-8EE8-1DDD3B6580D1}"
EndProject
Project("{9A19103F-16F7-4668-BE54-9A1E7A4F7556}") = "DFC.App.SkillsHealthCheck.Data", "DFC.App.SkillsHealthCheck.Data\DFC.App.SkillsHealthCheck.Data.csproj", "{391C1DA8-0D47-47B8-B230-DC214C6A66E8}"
EndProject
Project("{2150E333-8FDC-42A3-9474-1A3956D46DE8}") = "Services", "Services", "{A5DD8004-1372-40B1-8235-8B259C0473B5}"
EndProject
Project("{9A19103F-16F7-4668-BE54-9A1E7A4F7556}") = "DFC.App.SkillsHealthCheck.Services.CacheContentService", "DFC.App.SkillsHealthCheck.Services.CacheContentService\DFC.App.SkillsHealthCheck.Services.CacheContentService.csproj", "{7FD90CB1-79F7-4D0D-A21D-184C017D1317}"
EndProject
Project("{2150E333-8FDC-42A3-9474-1A3956D46DE8}") = "Tests", "Tests", "{8BA314FE-FA03-468D-9AEC-7BDFD5DE1588}"
EndProject
Project("{2150E333-8FDC-42A3-9474-1A3956D46DE8}") = "Unit", "Unit", "{7F2FB66E-424F-4AA7-819D-9A6C3DA17AA5}"
EndProject
Project("{2150E333-8FDC-42A3-9474-1A3956D46DE8}") = "Data", "Data", "{98E0459D-28AC-4674-B579-53FAEDB45469}"
EndProject
Project("{9A19103F-16F7-4668-BE54-9A1E7A4F7556}") = "DFC.App.SkillsHealthCheck.Data.UnitTests", "DFC.App.SkillsHealthCheck.Data.UnitTests\DFC.App.SkillsHealthCheck.Data.UnitTests.csproj", "{A1550290-4A56-48B8-B01E-77AB3052AB3E}"
EndProject
Project("{2150E333-8FDC-42A3-9474-1A3956D46DE8}") = "Services", "Services", "{9BA7A34A-1C2A-487E-89A1-F1A71DB70429}"
EndProject
Project("{9A19103F-16F7-4668-BE54-9A1E7A4F7556}") = "DFC.App.SkillsHealthCheck.Services.CacheContentService.UnitTests", "DFC.App.SkillsHealthCheck.Services.CacheContentService.UnitTests\DFC.App.SkillsHealthCheck.Services.CacheContentService.UnitTests.csproj", "{CA2BFF10-F16E-460B-AD8B-26A6057F2DE9}"
EndProject
Project("{2150E333-8FDC-42A3-9474-1A3956D46DE8}") = "Web", "Web", "{B63A9E8B-479F-43A1-919B-4A8FD70E3FF0}"
EndProject
Project("{9A19103F-16F7-4668-BE54-9A1E7A4F7556}") = "DFC.App.SkillsHealthCheck.UnitTests", "DFC.App.SkillsHealthCheck.UnitTests\DFC.App.SkillsHealthCheck.UnitTests.csproj", "{F26C09EE-79E3-4EF3-9F79-1F4BC21AF219}"
EndProject
Project("{FAE04EC0-301F-11D3-BF4B-00C04F79EFBC}") = "DFC.App.SkillsHealthCheck.Services.SkillsCentral", "DFC.App.SkillsHealthCheck.Services.SkillsCentral\DFC.App.SkillsHealthCheck.Services.SkillsCentral.csproj", "{4BC773B1-AA72-492C-B643-1173A396238E}"
EndProject
Global
	GlobalSection(SolutionConfigurationPlatforms) = preSolution
		Debug|Any CPU = Debug|Any CPU
		Release|Any CPU = Release|Any CPU
	EndGlobalSection
	GlobalSection(ProjectConfigurationPlatforms) = postSolution
		{E852E562-270E-4553-A701-2984467B1AE9}.Debug|Any CPU.ActiveCfg = Debug|Any CPU
		{E852E562-270E-4553-A701-2984467B1AE9}.Debug|Any CPU.Build.0 = Debug|Any CPU
		{E852E562-270E-4553-A701-2984467B1AE9}.Release|Any CPU.ActiveCfg = Release|Any CPU
		{E852E562-270E-4553-A701-2984467B1AE9}.Release|Any CPU.Build.0 = Release|Any CPU
		{391C1DA8-0D47-47B8-B230-DC214C6A66E8}.Debug|Any CPU.ActiveCfg = Debug|Any CPU
		{391C1DA8-0D47-47B8-B230-DC214C6A66E8}.Debug|Any CPU.Build.0 = Debug|Any CPU
		{391C1DA8-0D47-47B8-B230-DC214C6A66E8}.Release|Any CPU.ActiveCfg = Release|Any CPU
		{391C1DA8-0D47-47B8-B230-DC214C6A66E8}.Release|Any CPU.Build.0 = Release|Any CPU
		{7FD90CB1-79F7-4D0D-A21D-184C017D1317}.Debug|Any CPU.ActiveCfg = Debug|Any CPU
		{7FD90CB1-79F7-4D0D-A21D-184C017D1317}.Debug|Any CPU.Build.0 = Debug|Any CPU
		{7FD90CB1-79F7-4D0D-A21D-184C017D1317}.Release|Any CPU.ActiveCfg = Release|Any CPU
		{7FD90CB1-79F7-4D0D-A21D-184C017D1317}.Release|Any CPU.Build.0 = Release|Any CPU
		{A1550290-4A56-48B8-B01E-77AB3052AB3E}.Debug|Any CPU.ActiveCfg = Debug|Any CPU
		{A1550290-4A56-48B8-B01E-77AB3052AB3E}.Debug|Any CPU.Build.0 = Debug|Any CPU
		{A1550290-4A56-48B8-B01E-77AB3052AB3E}.Release|Any CPU.ActiveCfg = Release|Any CPU
		{A1550290-4A56-48B8-B01E-77AB3052AB3E}.Release|Any CPU.Build.0 = Release|Any CPU
		{CA2BFF10-F16E-460B-AD8B-26A6057F2DE9}.Debug|Any CPU.ActiveCfg = Debug|Any CPU
		{CA2BFF10-F16E-460B-AD8B-26A6057F2DE9}.Debug|Any CPU.Build.0 = Debug|Any CPU
		{CA2BFF10-F16E-460B-AD8B-26A6057F2DE9}.Release|Any CPU.ActiveCfg = Release|Any CPU
		{CA2BFF10-F16E-460B-AD8B-26A6057F2DE9}.Release|Any CPU.Build.0 = Release|Any CPU
		{F26C09EE-79E3-4EF3-9F79-1F4BC21AF219}.Debug|Any CPU.ActiveCfg = Debug|Any CPU
		{F26C09EE-79E3-4EF3-9F79-1F4BC21AF219}.Debug|Any CPU.Build.0 = Debug|Any CPU
		{F26C09EE-79E3-4EF3-9F79-1F4BC21AF219}.Release|Any CPU.ActiveCfg = Release|Any CPU
		{F26C09EE-79E3-4EF3-9F79-1F4BC21AF219}.Release|Any CPU.Build.0 = Release|Any CPU
		{4BC773B1-AA72-492C-B643-1173A396238E}.Debug|Any CPU.ActiveCfg = Debug|Any CPU
		{4BC773B1-AA72-492C-B643-1173A396238E}.Debug|Any CPU.Build.0 = Debug|Any CPU
		{4BC773B1-AA72-492C-B643-1173A396238E}.Release|Any CPU.ActiveCfg = Release|Any CPU
		{4BC773B1-AA72-492C-B643-1173A396238E}.Release|Any CPU.Build.0 = Release|Any CPU
	EndGlobalSection
	GlobalSection(SolutionProperties) = preSolution
		HideSolutionNode = FALSE
	EndGlobalSection
	GlobalSection(NestedProjects) = preSolution
		{391C1DA8-0D47-47B8-B230-DC214C6A66E8} = {2218D3DB-5F88-4245-8EE8-1DDD3B6580D1}
		{7FD90CB1-79F7-4D0D-A21D-184C017D1317} = {A5DD8004-1372-40B1-8235-8B259C0473B5}
		{7F2FB66E-424F-4AA7-819D-9A6C3DA17AA5} = {8BA314FE-FA03-468D-9AEC-7BDFD5DE1588}
		{98E0459D-28AC-4674-B579-53FAEDB45469} = {7F2FB66E-424F-4AA7-819D-9A6C3DA17AA5}
		{A1550290-4A56-48B8-B01E-77AB3052AB3E} = {98E0459D-28AC-4674-B579-53FAEDB45469}
		{9BA7A34A-1C2A-487E-89A1-F1A71DB70429} = {7F2FB66E-424F-4AA7-819D-9A6C3DA17AA5}
		{CA2BFF10-F16E-460B-AD8B-26A6057F2DE9} = {9BA7A34A-1C2A-487E-89A1-F1A71DB70429}
		{B63A9E8B-479F-43A1-919B-4A8FD70E3FF0} = {7F2FB66E-424F-4AA7-819D-9A6C3DA17AA5}
		{F26C09EE-79E3-4EF3-9F79-1F4BC21AF219} = {B63A9E8B-479F-43A1-919B-4A8FD70E3FF0}
		{4BC773B1-AA72-492C-B643-1173A396238E} = {A5DD8004-1372-40B1-8235-8B259C0473B5}
	EndGlobalSection
	GlobalSection(ExtensibilityGlobals) = postSolution
		SolutionGuid = {042BE92B-75BC-4D9D-A8A0-1547EC76E1C8}
	EndGlobalSection
EndGlobal
