
Microsoft Visual Studio Solution File, Format Version 12.00
# Visual Studio Version 17
VisualStudioVersion = 17.8.34525.116
MinimumVisualStudioVersion = 10.0.40219.1
Project("{2150E333-8FDC-42A3-9474-1A3956D46DE8}") = "_Solution Items", "_Solution Items", "{C0B887DB-D9EA-4DE7-BC8F-804F159CFD59}"
	ProjectSection(SolutionItems) = preProject
		.editorconfig = .editorconfig
		Resources\AzureDevOps\azure-pipelines.yml = Resources\AzureDevOps\azure-pipelines.yml
		DFC.Digital.CodeAnalysis.ruleset = DFC.Digital.CodeAnalysis.ruleset
		Resources\AzureDevOps\GitVersion.yml = Resources\AzureDevOps\GitVersion.yml
		Resources\PageRegistration\registration.json = Resources\PageRegistration\registration.json
		UnitTests.CodeAnalysis.ruleset = UnitTests.CodeAnalysis.ruleset
	EndProjectSection
EndProject
Project("{9A19103F-16F7-4668-BE54-9A1E7A4F7556}") = "DFC.App.SkillsHealthCheck", "DFC.App.SkillsHealthCheck\DFC.App.SkillsHealthCheck.csproj", "{E852E562-270E-4553-A701-2984467B1AE9}"
EndProject
Project("{2150E333-8FDC-42A3-9474-1A3956D46DE8}") = "Data", "Data", "{2218D3DB-5F88-4245-8EE8-1DDD3B6580D1}"
EndProject
Project("{9A19103F-16F7-4668-BE54-9A1E7A4F7556}") = "DFC.App.SkillsHealthCheck.Data", "DFC.App.SkillsHealthCheck.Data\DFC.App.SkillsHealthCheck.Data.csproj", "{391C1DA8-0D47-47B8-B230-DC214C6A66E8}"
EndProject
Project("{2150E333-8FDC-42A3-9474-1A3956D46DE8}") = "Services", "Services", "{A5DD8004-1372-40B1-8235-8B259C0473B5}"
EndProject
Project("{9A19103F-16F7-4668-BE54-9A1E7A4F7556}") = "DFC.App.SkillsHealthCheck.Services.CacheContentService", "DFC.App.SkillsHealthCheck.Services.CacheContentService\DFC.App.SkillsHealthCheck.Services.CacheContentService.csproj", "{7FD90CB1-79F7-4D0D-A21D-184C017D1317}"
EndProject
Project("{2150E333-8FDC-42A3-9474-1A3956D46DE8}") = "Tests", "Tests", "{8BA314FE-FA03-468D-9AEC-7BDFD5DE1588}"
EndProject
Project("{2150E333-8FDC-42A3-9474-1A3956D46DE8}") = "Unit", "Unit", "{7F2FB66E-424F-4AA7-819D-9A6C3DA17AA5}"
EndProject
Project("{2150E333-8FDC-42A3-9474-1A3956D46DE8}") = "Data", "Data", "{98E0459D-28AC-4674-B579-53FAEDB45469}"
EndProject
Project("{9A19103F-16F7-4668-BE54-9A1E7A4F7556}") = "DFC.App.SkillsHealthCheck.Data.UnitTests", "DFC.App.SkillsHealthCheck.Data.UnitTests\DFC.App.SkillsHealthCheck.Data.UnitTests.csproj", "{A1550290-4A56-48B8-B01E-77AB3052AB3E}"
EndProject
Project("{2150E333-8FDC-42A3-9474-1A3956D46DE8}") = "Services", "Services", "{9BA7A34A-1C2A-487E-89A1-F1A71DB70429}"
EndProject
Project("{9A19103F-16F7-4668-BE54-9A1E7A4F7556}") = "DFC.App.SkillsHealthCheck.Services.CacheContentService.UnitTests", "DFC.App.SkillsHealthCheck.Services.CacheContentService.UnitTests\DFC.App.SkillsHealthCheck.Services.CacheContentService.UnitTests.csproj", "{CA2BFF10-F16E-460B-AD8B-26A6057F2DE9}"
EndProject
Project("{2150E333-8FDC-42A3-9474-1A3956D46DE8}") = "Web", "Web", "{B63A9E8B-479F-43A1-919B-4A8FD70E3FF0}"
EndProject
Project("{9A19103F-16F7-4668-BE54-9A1E7A4F7556}") = "DFC.App.SkillsHealthCheck.UnitTests", "DFC.App.SkillsHealthCheck.UnitTests\DFC.App.SkillsHealthCheck.UnitTests.csproj", "{F26C09EE-79E3-4EF3-9F79-1F4BC21AF219}"
EndProject
Project("{9A19103F-16F7-4668-BE54-9A1E7A4F7556}") = "DFC.App.SkillsHealthCheck.Services.GovNotify", "DFC.App.SkillsHealthCheck.Services.GovNotify\DFC.App.SkillsHealthCheck.Services.GovNotify.csproj", "{42340438-AB59-4B13-9A41-938A70F07E78}"
EndProject
Project("{9A19103F-16F7-4668-BE54-9A1E7A4F7556}") = "DFC.App.SkillsHealthCheck.Services.GovNotify.UnitTests", "DFC.App.SkillsHealthCheck.Services.GovNotify.UnitTests\DFC.App.SkillsHealthCheck.Services.GovNotify.UnitTests.csproj", "{354C9FC2-19BA-46D4-8D7A-0543C40482BA}"
EndProject
Project("{2150E333-8FDC-42A3-9474-1A3956D46DE8}") = "Integration", "Integration", "{E5356F33-DDB7-4509-87FE-AEBD2B3D525C}"
EndProject
Project("{9A19103F-16F7-4668-BE54-9A1E7A4F7556}") = "DFC.App.SkillsHealthCheck.IntegrationTests", "DFC.App.SkillsHealthCheck.IntegrationTests\DFC.App.SkillsHealthCheck.IntegrationTests.csproj", "{E1C3DE10-61BF-4D11-8562-E6172CF1F05B}"
EndProject
Project("{2150E333-8FDC-42A3-9474-1A3956D46DE8}") = "SkillsCentralApi", "SkillsCentralApi", "{A213DA57-B2BC-4BAF-9D3F-B0990A839C95}"
EndProject
Project("{2150E333-8FDC-42A3-9474-1A3956D46DE8}") = "Application", "Application", "{6B366C4A-E0E5-4EE9-B8EE-FA727D8FA2E9}"
EndProject
Project("{2150E333-8FDC-42A3-9474-1A3956D46DE8}") = "Domain", "Domain", "{6E3972D6-ACED-4D9A-9D28-7FBAE8265427}"
EndProject
Project("{2150E333-8FDC-42A3-9474-1A3956D46DE8}") = "Intrastructure", "Intrastructure", "{76D8C62E-E9F3-464F-B922-E18F28445603}"
EndProject
Project("{2150E333-8FDC-42A3-9474-1A3956D46DE8}") = "Presentation", "Presentation", "{D110D53E-B202-426B-B8D3-D6D4179D1B0B}"
EndProject
Project("{9A19103F-16F7-4668-BE54-9A1E7A4F7556}") = "DfE.SkillsCentral.Api.Application.Services", "DfE.SkillsCentral.Api\Application\DfE.SkillsCentral.Api.Application.Services\DfE.SkillsCentral.Api.Application.Services.csproj", "{DD5428FE-95AD-4418-A141-861388AD46B5}"
EndProject
Project("{9A19103F-16F7-4668-BE54-9A1E7A4F7556}") = "DfE.SkillsCentral.Api.Application.Interfaces", "DfE.SkillsCentral.Api\Application\DfE.SkillsCentral.Api.Application.Interfaces\DfE.SkillsCentral.Api.Application.Interfaces.csproj", "{ABA67E69-A096-4ACF-918E-22C5677E2BAB}"
EndProject
Project("{9A19103F-16F7-4668-BE54-9A1E7A4F7556}") = "DfE.SkillsCentral.Api.Domain", "DfE.SkillsCentral.Api\Domain\DfE.SkillsCentral.Api.Domain\DfE.SkillsCentral.Api.Domain.csproj", "{08426812-D638-40DE-92B7-847CE6333845}"
EndProject
Project("{9A19103F-16F7-4668-BE54-9A1E7A4F7556}") = "DfE.SkillsCentral.Api.Presentation.WebApi", "DfE.SkillsCentral.Api\Presentation\DfE.SkillsCentral.Api.Presentation.WebApi\DfE.SkillsCentral.Api.Presentation.WebApi.csproj", "{A98F8DEA-92CE-4A95-8374-CEFA4416CBB8}"
EndProject
Project("{9A19103F-16F7-4668-BE54-9A1E7A4F7556}") = "DfE.SkillsCentral.Api.Infrastructure", "DfE.SkillsCentral.Api\Infrastructure\DfE.SkillsCentral.Api.Infrastructure\DfE.SkillsCentral.Api.Infrastructure.csproj", "{3D7F4E9D-27F0-4D74-BB37-D95713CB6FCF}"
EndProject
Project("{00D1A9C2-B5F0-4AF3-8072-F6C62B433612}") = "DfE.SkillsCentral.Api.Infrastructure.Database", "DfE.SkillsCentral.Api\Infrastructure\DfE.SkillsCentral.Api.Infrastructure.Database\DfE.SkillsCentral.Api.Infrastructure.Database.sqlproj", "{34419DF5-6A8E-4A1C-9625-CEEA80FD81BC}"
EndProject
Project("{2150E333-8FDC-42A3-9474-1A3956D46DE8}") = "Utilities", "Utilities", "{1BAEF60D-AAC6-4211-8F94-CD3BC1AACAAD}"
EndProject
Project("{9A19103F-16F7-4668-BE54-9A1E7A4F7556}") = "DocumentsDataMigrations", "DataMigrations\DocumentsDataMigrations.csproj", "{9EF08E5F-DBFD-4FBE-8D41-870FFA86BD0F}"
EndProject
Project("{9A19103F-16F7-4668-BE54-9A1E7A4F7556}") = "ReferenceDataMigrations", "DataMigrations\ReferenceDataMigrations.csproj", "{0316919A-7AE0-435C-B1AE-851E4F8D4696}"
EndProject
Project("{2150E333-8FDC-42A3-9474-1A3956D46DE8}") = "Tests", "Tests", "{C7D93DD3-01C5-439C-9291-2112B895E2FE}"
EndProject
Project("{2150E333-8FDC-42A3-9474-1A3956D46DE8}") = "Fixtures", "Fixtures", "{5C02ED10-E398-456C-9271-9DE5E58CE830}"
EndProject
Project("{2150E333-8FDC-42A3-9474-1A3956D46DE8}") = "Unit", "Unit", "{CE34713E-D8B3-454C-AC5E-866FB2CBB11B}"
EndProject
Project("{2150E333-8FDC-42A3-9474-1A3956D46DE8}") = "Integration", "Integration", "{EA03E6F6-478B-4F50-A690-C0C551533A41}"
EndProject
Project("{9A19103F-16F7-4668-BE54-9A1E7A4F7556}") = "Dfe.SkillsCentral.Api.Tests.Fixtures", "DfE.SkillsCentral.Api\Tests\Fixtures\Dfe.SkillsCentral.Api.Tests.Fixtures\Dfe.SkillsCentral.Api.Tests.Fixtures.csproj", "{F64BA7DC-8E9D-43E9-A18D-C93896FDD794}"
EndProject
Project("{9A19103F-16F7-4668-BE54-9A1E7A4F7556}") = "DfE.SkillsCentral.Api.Domain.UnitTests", "DfE.SkillsCentral.Api\Tests\Unit\DfE.SkillsCentral.Api.Domain.UnitTests\DfE.SkillsCentral.Api.Domain.UnitTests.csproj", "{D4276CAE-CFD4-4622-9E06-3C46CD683A28}"
EndProject
Project("{9A19103F-16F7-4668-BE54-9A1E7A4F7556}") = "DfE.SkillsCentral.Api.Infrastructure.UnitTests", "DfE.SkillsCentral.Api\Tests\Unit\DfE.SkillsCentral.Api.Infrastructure.UnitTests\DfE.SkillsCentral.Api.Infrastructure.UnitTests.csproj", "{629D3DA1-1E2D-4FE3-9B8D-D60F969F9040}"
EndProject
Project("{9A19103F-16F7-4668-BE54-9A1E7A4F7556}") = "DfE.SkillsCentral.Api.Application.Services.UnitTests", "DfE.SkillsCentral.Api\Tests\Unit\DfE.SkillsCentral.Api.Application.Services.UnitTests\DfE.SkillsCentral.Api.Application.Services.UnitTests.csproj", "{78A44793-36AA-4A03-A4E1-3406255F0D32}"
EndProject
Project("{9A19103F-16F7-4668-BE54-9A1E7A4F7556}") = "DfE.SkillsCentral.Api.Application.Services.IntegrationTests", "DfE.SkillsCentral.Api\Tests\Integration\DfE.SkillsCentral.Api.Application.Services.IntegrationTests\DfE.SkillsCentral.Api.Application.Services.IntegrationTests.csproj", "{BA099586-2919-4D46-A30A-F515906106A8}"
EndProject
Project("{9A19103F-16F7-4668-BE54-9A1E7A4F7556}") = "DfE.SkillsCentral.Api.Presentation.UnitTests", "DfE.SkillsCentral.Api.Presentation.UnitTests\DfE.SkillsCentral.Api.Presentation.UnitTests.csproj", "{B1142C2D-4328-42E6-A2B5-F74CA714F2B0}"
EndProject
Project("{9A19103F-16F7-4668-BE54-9A1E7A4F7556}") = "DfE.SkillsCentral.Api.Presentation.WebApi.IntegrationTests", "DfE.SkillsCentral.Api\Tests\Integration\DfE.SkillsCentral.Api.Presentation.WebApi.IntegrationTests\DfE.SkillsCentral.Api.Presentation.WebApi.IntegrationTests.csproj", "{59EC2330-53D2-4C5A-94AC-2363ADD99D79}"
EndProject
Project("{2150E333-8FDC-42A3-9474-1A3956D46DE8}") = "Solution Items", "Solution Items", "{64A1DB8E-4D5F-4A8E-9334-F11F96719174}"
EndProject
Project("{9A19103F-16F7-4668-BE54-9A1E7A4F7556}") = "DfE.SkillsCentral.Api.Application.DocumentFormatter", "DfE.SkillsCentral.Api\Application\DfE.SkillsCentral.Api.Application.DocumentFormatter\DfE.SkillsCentral.Api.Application.DocumentFormatter.csproj", "{B5B63CF8-E43F-4CE8-9D7B-122FA22557FE}"
EndProject
Project("{9A19103F-16F7-4668-BE54-9A1E7A4F7556}") = "DFC.App.SkillsHealthCheck.Services.SkillsCentralAPI", "DFC.App.SkillsHealthCheck.Services.SkillsCentralAPI\DFC.App.SkillsHealthCheck.Services.SkillsCentralAPI.csproj", "{52A1CF8E-BAC5-41B2-9ACA-8CE011F28974}"
EndProject
Global
	GlobalSection(SolutionConfigurationPlatforms) = preSolution
		Debug|Any CPU = Debug|Any CPU
		Release|Any CPU = Release|Any CPU
	EndGlobalSection
	GlobalSection(ProjectConfigurationPlatforms) = postSolution
		{E852E562-270E-4553-A701-2984467B1AE9}.Debug|Any CPU.ActiveCfg = Debug|Any CPU
		{E852E562-270E-4553-A701-2984467B1AE9}.Debug|Any CPU.Build.0 = Debug|Any CPU
		{E852E562-270E-4553-A701-2984467B1AE9}.Release|Any CPU.ActiveCfg = Release|Any CPU
		{E852E562-270E-4553-A701-2984467B1AE9}.Release|Any CPU.Build.0 = Release|Any CPU
		{391C1DA8-0D47-47B8-B230-DC214C6A66E8}.Debug|Any CPU.ActiveCfg = Debug|Any CPU
		{391C1DA8-0D47-47B8-B230-DC214C6A66E8}.Debug|Any CPU.Build.0 = Debug|Any CPU
		{391C1DA8-0D47-47B8-B230-DC214C6A66E8}.Release|Any CPU.ActiveCfg = Release|Any CPU
		{391C1DA8-0D47-47B8-B230-DC214C6A66E8}.Release|Any CPU.Build.0 = Release|Any CPU
		{7FD90CB1-79F7-4D0D-A21D-184C017D1317}.Debug|Any CPU.ActiveCfg = Debug|Any CPU
		{7FD90CB1-79F7-4D0D-A21D-184C017D1317}.Debug|Any CPU.Build.0 = Debug|Any CPU
		{7FD90CB1-79F7-4D0D-A21D-184C017D1317}.Release|Any CPU.ActiveCfg = Release|Any CPU
		{7FD90CB1-79F7-4D0D-A21D-184C017D1317}.Release|Any CPU.Build.0 = Release|Any CPU
		{A1550290-4A56-48B8-B01E-77AB3052AB3E}.Debug|Any CPU.ActiveCfg = Debug|Any CPU
		{A1550290-4A56-48B8-B01E-77AB3052AB3E}.Debug|Any CPU.Build.0 = Debug|Any CPU
		{A1550290-4A56-48B8-B01E-77AB3052AB3E}.Release|Any CPU.ActiveCfg = Release|Any CPU
		{A1550290-4A56-48B8-B01E-77AB3052AB3E}.Release|Any CPU.Build.0 = Release|Any CPU
		{CA2BFF10-F16E-460B-AD8B-26A6057F2DE9}.Debug|Any CPU.ActiveCfg = Debug|Any CPU
		{CA2BFF10-F16E-460B-AD8B-26A6057F2DE9}.Debug|Any CPU.Build.0 = Debug|Any CPU
		{CA2BFF10-F16E-460B-AD8B-26A6057F2DE9}.Release|Any CPU.ActiveCfg = Release|Any CPU
		{CA2BFF10-F16E-460B-AD8B-26A6057F2DE9}.Release|Any CPU.Build.0 = Release|Any CPU
		{F26C09EE-79E3-4EF3-9F79-1F4BC21AF219}.Debug|Any CPU.ActiveCfg = Debug|Any CPU
		{F26C09EE-79E3-4EF3-9F79-1F4BC21AF219}.Debug|Any CPU.Build.0 = Debug|Any CPU
		{F26C09EE-79E3-4EF3-9F79-1F4BC21AF219}.Release|Any CPU.ActiveCfg = Release|Any CPU
		{F26C09EE-79E3-4EF3-9F79-1F4BC21AF219}.Release|Any CPU.Build.0 = Release|Any CPU
		{42340438-AB59-4B13-9A41-938A70F07E78}.Debug|Any CPU.ActiveCfg = Debug|Any CPU
		{42340438-AB59-4B13-9A41-938A70F07E78}.Debug|Any CPU.Build.0 = Debug|Any CPU
		{42340438-AB59-4B13-9A41-938A70F07E78}.Release|Any CPU.ActiveCfg = Release|Any CPU
		{42340438-AB59-4B13-9A41-938A70F07E78}.Release|Any CPU.Build.0 = Release|Any CPU
		{354C9FC2-19BA-46D4-8D7A-0543C40482BA}.Debug|Any CPU.ActiveCfg = Debug|Any CPU
		{354C9FC2-19BA-46D4-8D7A-0543C40482BA}.Debug|Any CPU.Build.0 = Debug|Any CPU
		{354C9FC2-19BA-46D4-8D7A-0543C40482BA}.Release|Any CPU.ActiveCfg = Release|Any CPU
		{354C9FC2-19BA-46D4-8D7A-0543C40482BA}.Release|Any CPU.Build.0 = Release|Any CPU
		{E1C3DE10-61BF-4D11-8562-E6172CF1F05B}.Debug|Any CPU.ActiveCfg = Debug|Any CPU
		{E1C3DE10-61BF-4D11-8562-E6172CF1F05B}.Debug|Any CPU.Build.0 = Debug|Any CPU
		{E1C3DE10-61BF-4D11-8562-E6172CF1F05B}.Release|Any CPU.ActiveCfg = Release|Any CPU
		{E1C3DE10-61BF-4D11-8562-E6172CF1F05B}.Release|Any CPU.Build.0 = Release|Any CPU
		{DD5428FE-95AD-4418-A141-861388AD46B5}.Debug|Any CPU.ActiveCfg = Debug|Any CPU
		{DD5428FE-95AD-4418-A141-861388AD46B5}.Debug|Any CPU.Build.0 = Debug|Any CPU
		{DD5428FE-95AD-4418-A141-861388AD46B5}.Release|Any CPU.ActiveCfg = Release|Any CPU
		{DD5428FE-95AD-4418-A141-861388AD46B5}.Release|Any CPU.Build.0 = Release|Any CPU
		{ABA67E69-A096-4ACF-918E-22C5677E2BAB}.Debug|Any CPU.ActiveCfg = Debug|Any CPU
		{ABA67E69-A096-4ACF-918E-22C5677E2BAB}.Debug|Any CPU.Build.0 = Debug|Any CPU
		{ABA67E69-A096-4ACF-918E-22C5677E2BAB}.Release|Any CPU.ActiveCfg = Release|Any CPU
		{ABA67E69-A096-4ACF-918E-22C5677E2BAB}.Release|Any CPU.Build.0 = Release|Any CPU
		{08426812-D638-40DE-92B7-847CE6333845}.Debug|Any CPU.ActiveCfg = Debug|Any CPU
		{08426812-D638-40DE-92B7-847CE6333845}.Debug|Any CPU.Build.0 = Debug|Any CPU
		{08426812-D638-40DE-92B7-847CE6333845}.Release|Any CPU.ActiveCfg = Release|Any CPU
		{08426812-D638-40DE-92B7-847CE6333845}.Release|Any CPU.Build.0 = Release|Any CPU
		{A98F8DEA-92CE-4A95-8374-CEFA4416CBB8}.Debug|Any CPU.ActiveCfg = Debug|Any CPU
		{A98F8DEA-92CE-4A95-8374-CEFA4416CBB8}.Debug|Any CPU.Build.0 = Debug|Any CPU
		{A98F8DEA-92CE-4A95-8374-CEFA4416CBB8}.Release|Any CPU.ActiveCfg = Release|Any CPU
		{A98F8DEA-92CE-4A95-8374-CEFA4416CBB8}.Release|Any CPU.Build.0 = Release|Any CPU
		{3D7F4E9D-27F0-4D74-BB37-D95713CB6FCF}.Debug|Any CPU.ActiveCfg = Debug|Any CPU
		{3D7F4E9D-27F0-4D74-BB37-D95713CB6FCF}.Debug|Any CPU.Build.0 = Debug|Any CPU
		{3D7F4E9D-27F0-4D74-BB37-D95713CB6FCF}.Release|Any CPU.ActiveCfg = Release|Any CPU
		{3D7F4E9D-27F0-4D74-BB37-D95713CB6FCF}.Release|Any CPU.Build.0 = Release|Any CPU
		{34419DF5-6A8E-4A1C-9625-CEEA80FD81BC}.Debug|Any CPU.ActiveCfg = Debug|Any CPU
		{34419DF5-6A8E-4A1C-9625-CEEA80FD81BC}.Debug|Any CPU.Build.0 = Debug|Any CPU
		{34419DF5-6A8E-4A1C-9625-CEEA80FD81BC}.Debug|Any CPU.Deploy.0 = Debug|Any CPU
		{34419DF5-6A8E-4A1C-9625-CEEA80FD81BC}.Release|Any CPU.ActiveCfg = Release|Any CPU
		{34419DF5-6A8E-4A1C-9625-CEEA80FD81BC}.Release|Any CPU.Build.0 = Release|Any CPU
		{34419DF5-6A8E-4A1C-9625-CEEA80FD81BC}.Release|Any CPU.Deploy.0 = Release|Any CPU
		{9EF08E5F-DBFD-4FBE-8D41-870FFA86BD0F}.Debug|Any CPU.ActiveCfg = Debug|Any CPU
		{9EF08E5F-DBFD-4FBE-8D41-870FFA86BD0F}.Debug|Any CPU.Build.0 = Debug|Any CPU
		{9EF08E5F-DBFD-4FBE-8D41-870FFA86BD0F}.Release|Any CPU.ActiveCfg = Release|Any CPU
		{9EF08E5F-DBFD-4FBE-8D41-870FFA86BD0F}.Release|Any CPU.Build.0 = Release|Any CPU
		{0316919A-7AE0-435C-B1AE-851E4F8D4696}.Debug|Any CPU.ActiveCfg = Debug|Any CPU
		{0316919A-7AE0-435C-B1AE-851E4F8D4696}.Debug|Any CPU.Build.0 = Debug|Any CPU
		{0316919A-7AE0-435C-B1AE-851E4F8D4696}.Release|Any CPU.ActiveCfg = Release|Any CPU
		{0316919A-7AE0-435C-B1AE-851E4F8D4696}.Release|Any CPU.Build.0 = Release|Any CPU
		{F64BA7DC-8E9D-43E9-A18D-C93896FDD794}.Debug|Any CPU.ActiveCfg = Debug|Any CPU
		{F64BA7DC-8E9D-43E9-A18D-C93896FDD794}.Debug|Any CPU.Build.0 = Debug|Any CPU
		{F64BA7DC-8E9D-43E9-A18D-C93896FDD794}.Release|Any CPU.ActiveCfg = Release|Any CPU
		{F64BA7DC-8E9D-43E9-A18D-C93896FDD794}.Release|Any CPU.Build.0 = Release|Any CPU
		{D4276CAE-CFD4-4622-9E06-3C46CD683A28}.Debug|Any CPU.ActiveCfg = Debug|Any CPU
		{D4276CAE-CFD4-4622-9E06-3C46CD683A28}.Debug|Any CPU.Build.0 = Debug|Any CPU
		{D4276CAE-CFD4-4622-9E06-3C46CD683A28}.Release|Any CPU.ActiveCfg = Release|Any CPU
		{D4276CAE-CFD4-4622-9E06-3C46CD683A28}.Release|Any CPU.Build.0 = Release|Any CPU
		{629D3DA1-1E2D-4FE3-9B8D-D60F969F9040}.Debug|Any CPU.ActiveCfg = Debug|Any CPU
		{629D3DA1-1E2D-4FE3-9B8D-D60F969F9040}.Debug|Any CPU.Build.0 = Debug|Any CPU
		{629D3DA1-1E2D-4FE3-9B8D-D60F969F9040}.Release|Any CPU.ActiveCfg = Release|Any CPU
		{629D3DA1-1E2D-4FE3-9B8D-D60F969F9040}.Release|Any CPU.Build.0 = Release|Any CPU
		{78A44793-36AA-4A03-A4E1-3406255F0D32}.Debug|Any CPU.ActiveCfg = Debug|Any CPU
		{78A44793-36AA-4A03-A4E1-3406255F0D32}.Debug|Any CPU.Build.0 = Debug|Any CPU
		{78A44793-36AA-4A03-A4E1-3406255F0D32}.Release|Any CPU.ActiveCfg = Release|Any CPU
		{78A44793-36AA-4A03-A4E1-3406255F0D32}.Release|Any CPU.Build.0 = Release|Any CPU
		{BA099586-2919-4D46-A30A-F515906106A8}.Debug|Any CPU.ActiveCfg = Debug|Any CPU
		{BA099586-2919-4D46-A30A-F515906106A8}.Debug|Any CPU.Build.0 = Debug|Any CPU
		{BA099586-2919-4D46-A30A-F515906106A8}.Release|Any CPU.ActiveCfg = Release|Any CPU
		{BA099586-2919-4D46-A30A-F515906106A8}.Release|Any CPU.Build.0 = Release|Any CPU
		{B1142C2D-4328-42E6-A2B5-F74CA714F2B0}.Debug|Any CPU.ActiveCfg = Debug|Any CPU
		{B1142C2D-4328-42E6-A2B5-F74CA714F2B0}.Debug|Any CPU.Build.0 = Debug|Any CPU
		{B1142C2D-4328-42E6-A2B5-F74CA714F2B0}.Release|Any CPU.ActiveCfg = Release|Any CPU
		{B1142C2D-4328-42E6-A2B5-F74CA714F2B0}.Release|Any CPU.Build.0 = Release|Any CPU
		{59EC2330-53D2-4C5A-94AC-2363ADD99D79}.Debug|Any CPU.ActiveCfg = Debug|Any CPU
		{59EC2330-53D2-4C5A-94AC-2363ADD99D79}.Debug|Any CPU.Build.0 = Debug|Any CPU
		{59EC2330-53D2-4C5A-94AC-2363ADD99D79}.Release|Any CPU.ActiveCfg = Release|Any CPU
		{59EC2330-53D2-4C5A-94AC-2363ADD99D79}.Release|Any CPU.Build.0 = Release|Any CPU
		{B5B63CF8-E43F-4CE8-9D7B-122FA22557FE}.Debug|Any CPU.ActiveCfg = Debug|Any CPU
		{B5B63CF8-E43F-4CE8-9D7B-122FA22557FE}.Debug|Any CPU.Build.0 = Debug|Any CPU
		{B5B63CF8-E43F-4CE8-9D7B-122FA22557FE}.Release|Any CPU.ActiveCfg = Release|Any CPU
		{B5B63CF8-E43F-4CE8-9D7B-122FA22557FE}.Release|Any CPU.Build.0 = Release|Any CPU
		{52A1CF8E-BAC5-41B2-9ACA-8CE011F28974}.Debug|Any CPU.ActiveCfg = Debug|Any CPU
		{52A1CF8E-BAC5-41B2-9ACA-8CE011F28974}.Debug|Any CPU.Build.0 = Debug|Any CPU
		{52A1CF8E-BAC5-41B2-9ACA-8CE011F28974}.Release|Any CPU.ActiveCfg = Release|Any CPU
		{52A1CF8E-BAC5-41B2-9ACA-8CE011F28974}.Release|Any CPU.Build.0 = Release|Any CPU
	EndGlobalSection
	GlobalSection(SolutionProperties) = preSolution
		HideSolutionNode = FALSE
	EndGlobalSection
	GlobalSection(NestedProjects) = preSolution
		{391C1DA8-0D47-47B8-B230-DC214C6A66E8} = {2218D3DB-5F88-4245-8EE8-1DDD3B6580D1}
		{7FD90CB1-79F7-4D0D-A21D-184C017D1317} = {A5DD8004-1372-40B1-8235-8B259C0473B5}
		{7F2FB66E-424F-4AA7-819D-9A6C3DA17AA5} = {8BA314FE-FA03-468D-9AEC-7BDFD5DE1588}
		{98E0459D-28AC-4674-B579-53FAEDB45469} = {7F2FB66E-424F-4AA7-819D-9A6C3DA17AA5}
		{A1550290-4A56-48B8-B01E-77AB3052AB3E} = {98E0459D-28AC-4674-B579-53FAEDB45469}
		{9BA7A34A-1C2A-487E-89A1-F1A71DB70429} = {7F2FB66E-424F-4AA7-819D-9A6C3DA17AA5}
		{CA2BFF10-F16E-460B-AD8B-26A6057F2DE9} = {9BA7A34A-1C2A-487E-89A1-F1A71DB70429}
		{B63A9E8B-479F-43A1-919B-4A8FD70E3FF0} = {7F2FB66E-424F-4AA7-819D-9A6C3DA17AA5}
		{F26C09EE-79E3-4EF3-9F79-1F4BC21AF219} = {B63A9E8B-479F-43A1-919B-4A8FD70E3FF0}
		{42340438-AB59-4B13-9A41-938A70F07E78} = {A5DD8004-1372-40B1-8235-8B259C0473B5}
		{354C9FC2-19BA-46D4-8D7A-0543C40482BA} = {9BA7A34A-1C2A-487E-89A1-F1A71DB70429}
		{E5356F33-DDB7-4509-87FE-AEBD2B3D525C} = {8BA314FE-FA03-468D-9AEC-7BDFD5DE1588}
		{E1C3DE10-61BF-4D11-8562-E6172CF1F05B} = {E5356F33-DDB7-4509-87FE-AEBD2B3D525C}
		{6B366C4A-E0E5-4EE9-B8EE-FA727D8FA2E9} = {A213DA57-B2BC-4BAF-9D3F-B0990A839C95}
		{6E3972D6-ACED-4D9A-9D28-7FBAE8265427} = {A213DA57-B2BC-4BAF-9D3F-B0990A839C95}
		{76D8C62E-E9F3-464F-B922-E18F28445603} = {A213DA57-B2BC-4BAF-9D3F-B0990A839C95}
		{D110D53E-B202-426B-B8D3-D6D4179D1B0B} = {A213DA57-B2BC-4BAF-9D3F-B0990A839C95}
		{DD5428FE-95AD-4418-A141-861388AD46B5} = {6B366C4A-E0E5-4EE9-B8EE-FA727D8FA2E9}
		{ABA67E69-A096-4ACF-918E-22C5677E2BAB} = {6B366C4A-E0E5-4EE9-B8EE-FA727D8FA2E9}
		{08426812-D638-40DE-92B7-847CE6333845} = {6E3972D6-ACED-4D9A-9D28-7FBAE8265427}
		{A98F8DEA-92CE-4A95-8374-CEFA4416CBB8} = {D110D53E-B202-426B-B8D3-D6D4179D1B0B}
		{3D7F4E9D-27F0-4D74-BB37-D95713CB6FCF} = {76D8C62E-E9F3-464F-B922-E18F28445603}
		{34419DF5-6A8E-4A1C-9625-CEEA80FD81BC} = {76D8C62E-E9F3-464F-B922-E18F28445603}
		{9EF08E5F-DBFD-4FBE-8D41-870FFA86BD0F} = {1BAEF60D-AAC6-4211-8F94-CD3BC1AACAAD}
		{0316919A-7AE0-435C-B1AE-851E4F8D4696} = {1BAEF60D-AAC6-4211-8F94-CD3BC1AACAAD}
		{C7D93DD3-01C5-439C-9291-2112B895E2FE} = {A213DA57-B2BC-4BAF-9D3F-B0990A839C95}
		{5C02ED10-E398-456C-9271-9DE5E58CE830} = {C7D93DD3-01C5-439C-9291-2112B895E2FE}
		{CE34713E-D8B3-454C-AC5E-866FB2CBB11B} = {C7D93DD3-01C5-439C-9291-2112B895E2FE}
		{EA03E6F6-478B-4F50-A690-C0C551533A41} = {C7D93DD3-01C5-439C-9291-2112B895E2FE}
		{F64BA7DC-8E9D-43E9-A18D-C93896FDD794} = {5C02ED10-E398-456C-9271-9DE5E58CE830}
		{D4276CAE-CFD4-4622-9E06-3C46CD683A28} = {CE34713E-D8B3-454C-AC5E-866FB2CBB11B}
		{629D3DA1-1E2D-4FE3-9B8D-D60F969F9040} = {CE34713E-D8B3-454C-AC5E-866FB2CBB11B}
		{78A44793-36AA-4A03-A4E1-3406255F0D32} = {CE34713E-D8B3-454C-AC5E-866FB2CBB11B}
		{BA099586-2919-4D46-A30A-F515906106A8} = {EA03E6F6-478B-4F50-A690-C0C551533A41}
		{B1142C2D-4328-42E6-A2B5-F74CA714F2B0} = {CE34713E-D8B3-454C-AC5E-866FB2CBB11B}
		{59EC2330-53D2-4C5A-94AC-2363ADD99D79} = {EA03E6F6-478B-4F50-A690-C0C551533A41}
		{64A1DB8E-4D5F-4A8E-9334-F11F96719174} = {6B366C4A-E0E5-4EE9-B8EE-FA727D8FA2E9}
		{B5B63CF8-E43F-4CE8-9D7B-122FA22557FE} = {64A1DB8E-4D5F-4A8E-9334-F11F96719174}
		{52A1CF8E-BAC5-41B2-9ACA-8CE011F28974} = {A5DD8004-1372-40B1-8235-8B259C0473B5}
	EndGlobalSection
	GlobalSection(ExtensibilityGlobals) = postSolution
		SolutionGuid = {042BE92B-75BC-4D9D-A8A0-1547EC76E1C8}
	EndGlobalSection
EndGlobal
